github.com/davecgh/go-spew v1.1.1 h1:vj9j/u1bqnvCEfJOwUhtlOARqs3+rkHYY13jYWTU97c=
github.com/davecgh/go-spew v1.1.1/go.mod h1:J7Y8YcW2NihsgmVo/mv3lAwl/skON4iLHjSsI+c5H38=
github.com/texttheater/golang-levenshtein v0.0.0-20190717060638-b7aaf30637d6 h1:aROOQJhj3zNd21TC06HYxLSlBTr4pyNkcvfQ/ITSGQA=
github.com/texttheater/golang-levenshtein v0.0.0-20190717060638-b7aaf30637d6/go.mod h1:XDKHRm5ThF8YJjx001LtgelzsoaEcvnA7lVWz9EeX3g=
